// !$*UTF8*$!
{
	archiveVersion = 1;
	classes = {
	};
	objectVersion = 48;
	objects = {

/* Begin PBXBuildFile section */
		4C2FFE985670C24BE715130B /* Pods_TwitterFetcherUITests.framework in Frameworks */ = {isa = PBXBuildFile; fileRef = 050B5A4EB648CEAE5BE5B182 /* Pods_TwitterFetcherUITests.framework */; };
		9CB002512075069D0038121B /* CurrencyData.swift in Sources */ = {isa = PBXBuildFile; fileRef = 9CB002502075069D0038121B /* CurrencyData.swift */; };
		9CB002572075072D0038121B /* Currency.swift in Sources */ = {isa = PBXBuildFile; fileRef = 9CB002562075072D0038121B /* Currency.swift */; };
		9CD526AD207787EE00ED4269 /* Protocols.swift in Sources */ = {isa = PBXBuildFile; fileRef = 9CD526AC207787EE00ED4269 /* Protocols.swift */; };
		9CDC2F772074ECDC0019C73C /* AppDelegate.swift in Sources */ = {isa = PBXBuildFile; fileRef = 9CDC2F762074ECDC0019C73C /* AppDelegate.swift */; };
		9CDC2F792074ECDC0019C73C /* ViewController.swift in Sources */ = {isa = PBXBuildFile; fileRef = 9CDC2F782074ECDC0019C73C /* ViewController.swift */; };
		9CDC2F7C2074ECDC0019C73C /* Main.storyboard in Resources */ = {isa = PBXBuildFile; fileRef = 9CDC2F7A2074ECDC0019C73C /* Main.storyboard */; };
		9CDC2F7E2074ECDC0019C73C /* Assets.xcassets in Resources */ = {isa = PBXBuildFile; fileRef = 9CDC2F7D2074ECDC0019C73C /* Assets.xcassets */; };
		9CDC2F812074ECDC0019C73C /* LaunchScreen.storyboard in Resources */ = {isa = PBXBuildFile; fileRef = 9CDC2F7F2074ECDC0019C73C /* LaunchScreen.storyboard */; };
		9CDC2F8C2074ECDC0019C73C /* TwitterFetcherTests.swift in Sources */ = {isa = PBXBuildFile; fileRef = 9CDC2F8B2074ECDC0019C73C /* TwitterFetcherTests.swift */; };
		9CDC2FA52074F4450019C73C /* .gitignore in Resources */ = {isa = PBXBuildFile; fileRef = 9CDC2FA42074F4450019C73C /* .gitignore */; };
		9CE0B8502076670E0025FFBC /* CurrencyPresenter.swift in Sources */ = {isa = PBXBuildFile; fileRef = 9CE0B84F2076670E0025FFBC /* CurrencyPresenter.swift */; };
		B18FB4B643054878D58A37EC /* Pods_TwitterFetcherTests.framework in Frameworks */ = {isa = PBXBuildFile; fileRef = 74B8411214EB343A163533C4 /* Pods_TwitterFetcherTests.framework */; };
		D23FD75AD84975AC93125405 /* Pods_TwitterFetcher.framework in Frameworks */ = {isa = PBXBuildFile; fileRef = 41BC556E9661E9E1E57F7179 /* Pods_TwitterFetcher.framework */; };
/* End PBXBuildFile section */

/* Begin PBXContainerItemProxy section */
		9CDC2F882074ECDC0019C73C /* PBXContainerItemProxy */ = {
			isa = PBXContainerItemProxy;
			containerPortal = 9CDC2F6B2074ECDC0019C73C /* Project object */;
			proxyType = 1;
			remoteGlobalIDString = 9CDC2F722074ECDC0019C73C;
			remoteInfo = TwitterFetcher;
		};
		9CDC2F932074ECDC0019C73C /* PBXContainerItemProxy */ = {
			isa = PBXContainerItemProxy;
			containerPortal = 9CDC2F6B2074ECDC0019C73C /* Project object */;
			proxyType = 1;
			remoteGlobalIDString = 9CDC2F722074ECDC0019C73C;
			remoteInfo = TwitterFetcher;
		};
/* End PBXContainerItemProxy section */

/* Begin PBXFileReference section */
		050B5A4EB648CEAE5BE5B182 /* Pods_TwitterFetcherUITests.framework */ = {isa = PBXFileReference; explicitFileType = wrapper.framework; includeInIndex = 0; path = Pods_TwitterFetcherUITests.framework; sourceTree = BUILT_PRODUCTS_DIR; };
		41BC556E9661E9E1E57F7179 /* Pods_TwitterFetcher.framework */ = {isa = PBXFileReference; explicitFileType = wrapper.framework; includeInIndex = 0; path = Pods_TwitterFetcher.framework; sourceTree = BUILT_PRODUCTS_DIR; };
		4F8C33E91E69D3704030A895 /* Pods-TwitterFetcher.release.xcconfig */ = {isa = PBXFileReference; includeInIndex = 1; lastKnownFileType = text.xcconfig; name = "Pods-TwitterFetcher.release.xcconfig"; path = "Pods/Target Support Files/Pods-TwitterFetcher/Pods-TwitterFetcher.release.xcconfig"; sourceTree = "<group>"; };
		5A4D4B98E87CF0EDA91504AC /* Pods-TwitterFetcherTests.debug.xcconfig */ = {isa = PBXFileReference; includeInIndex = 1; lastKnownFileType = text.xcconfig; name = "Pods-TwitterFetcherTests.debug.xcconfig"; path = "Pods/Target Support Files/Pods-TwitterFetcherTests/Pods-TwitterFetcherTests.debug.xcconfig"; sourceTree = "<group>"; };
		74B8411214EB343A163533C4 /* Pods_TwitterFetcherTests.framework */ = {isa = PBXFileReference; explicitFileType = wrapper.framework; includeInIndex = 0; path = Pods_TwitterFetcherTests.framework; sourceTree = BUILT_PRODUCTS_DIR; };
		9CB002502075069D0038121B /* CurrencyData.swift */ = {isa = PBXFileReference; lastKnownFileType = sourcecode.swift; path = CurrencyData.swift; sourceTree = "<group>"; };
		9CB002562075072D0038121B /* Currency.swift */ = {isa = PBXFileReference; lastKnownFileType = sourcecode.swift; path = Currency.swift; sourceTree = "<group>"; };
		9CD526AC207787EE00ED4269 /* Protocols.swift */ = {isa = PBXFileReference; lastKnownFileType = sourcecode.swift; path = Protocols.swift; sourceTree = "<group>"; };
		9CDC2F732074ECDC0019C73C /* TwitterFetcher.app */ = {isa = PBXFileReference; explicitFileType = wrapper.application; includeInIndex = 0; path = TwitterFetcher.app; sourceTree = BUILT_PRODUCTS_DIR; };
		9CDC2F762074ECDC0019C73C /* AppDelegate.swift */ = {isa = PBXFileReference; lastKnownFileType = sourcecode.swift; path = AppDelegate.swift; sourceTree = "<group>"; };
		9CDC2F782074ECDC0019C73C /* ViewController.swift */ = {isa = PBXFileReference; lastKnownFileType = sourcecode.swift; path = ViewController.swift; sourceTree = "<group>"; };
		9CDC2F7B2074ECDC0019C73C /* Base */ = {isa = PBXFileReference; lastKnownFileType = file.storyboard; name = Base; path = Base.lproj/Main.storyboard; sourceTree = "<group>"; };
		9CDC2F7D2074ECDC0019C73C /* Assets.xcassets */ = {isa = PBXFileReference; lastKnownFileType = folder.assetcatalog; path = Assets.xcassets; sourceTree = "<group>"; };
		9CDC2F802074ECDC0019C73C /* Base */ = {isa = PBXFileReference; lastKnownFileType = file.storyboard; name = Base; path = Base.lproj/LaunchScreen.storyboard; sourceTree = "<group>"; };
		9CDC2F822074ECDC0019C73C /* Info.plist */ = {isa = PBXFileReference; lastKnownFileType = text.plist.xml; path = Info.plist; sourceTree = "<group>"; };
		9CDC2F872074ECDC0019C73C /* TwitterFetcherTests.xctest */ = {isa = PBXFileReference; explicitFileType = wrapper.cfbundle; includeInIndex = 0; path = TwitterFetcherTests.xctest; sourceTree = BUILT_PRODUCTS_DIR; };
		9CDC2F8B2074ECDC0019C73C /* TwitterFetcherTests.swift */ = {isa = PBXFileReference; lastKnownFileType = sourcecode.swift; path = TwitterFetcherTests.swift; sourceTree = "<group>"; };
		9CDC2F8D2074ECDC0019C73C /* Info.plist */ = {isa = PBXFileReference; lastKnownFileType = text.plist.xml; path = Info.plist; sourceTree = "<group>"; };
		9CDC2F922074ECDC0019C73C /* TwitterFetcherUITests.xctest */ = {isa = PBXFileReference; explicitFileType = wrapper.cfbundle; includeInIndex = 0; path = TwitterFetcherUITests.xctest; sourceTree = BUILT_PRODUCTS_DIR; };
		9CDC2FA42074F4450019C73C /* .gitignore */ = {isa = PBXFileReference; fileEncoding = 4; lastKnownFileType = text; path = .gitignore; sourceTree = "<group>"; };
		9CE0B84F2076670E0025FFBC /* CurrencyPresenter.swift */ = {isa = PBXFileReference; lastKnownFileType = sourcecode.swift; path = CurrencyPresenter.swift; sourceTree = "<group>"; };
		A9D4E6C4FD2CCF28F4ED3E93 /* Pods-TwitterFetcherUITests.release.xcconfig */ = {isa = PBXFileReference; includeInIndex = 1; lastKnownFileType = text.xcconfig; name = "Pods-TwitterFetcherUITests.release.xcconfig"; path = "Pods/Target Support Files/Pods-TwitterFetcherUITests/Pods-TwitterFetcherUITests.release.xcconfig"; sourceTree = "<group>"; };
		DC2418F936582015E27882C7 /* Pods-TwitterFetcher.debug.xcconfig */ = {isa = PBXFileReference; includeInIndex = 1; lastKnownFileType = text.xcconfig; name = "Pods-TwitterFetcher.debug.xcconfig"; path = "Pods/Target Support Files/Pods-TwitterFetcher/Pods-TwitterFetcher.debug.xcconfig"; sourceTree = "<group>"; };
		EB0C3A7AE772D93DC7BBB0D9 /* Pods-TwitterFetcherUITests.debug.xcconfig */ = {isa = PBXFileReference; includeInIndex = 1; lastKnownFileType = text.xcconfig; name = "Pods-TwitterFetcherUITests.debug.xcconfig"; path = "Pods/Target Support Files/Pods-TwitterFetcherUITests/Pods-TwitterFetcherUITests.debug.xcconfig"; sourceTree = "<group>"; };
		EC727F9047E00ACAB0F66AF4 /* Pods-TwitterFetcherTests.release.xcconfig */ = {isa = PBXFileReference; includeInIndex = 1; lastKnownFileType = text.xcconfig; name = "Pods-TwitterFetcherTests.release.xcconfig"; path = "Pods/Target Support Files/Pods-TwitterFetcherTests/Pods-TwitterFetcherTests.release.xcconfig"; sourceTree = "<group>"; };
/* End PBXFileReference section */

/* Begin PBXFrameworksBuildPhase section */
		9CDC2F702074ECDC0019C73C /* Frameworks */ = {
			isa = PBXFrameworksBuildPhase;
			buildActionMask = 2147483647;
			files = (
				D23FD75AD84975AC93125405 /* Pods_TwitterFetcher.framework in Frameworks */,
			);
			runOnlyForDeploymentPostprocessing = 0;
		};
		9CDC2F842074ECDC0019C73C /* Frameworks */ = {
			isa = PBXFrameworksBuildPhase;
			buildActionMask = 2147483647;
			files = (
				B18FB4B643054878D58A37EC /* Pods_TwitterFetcherTests.framework in Frameworks */,
			);
			runOnlyForDeploymentPostprocessing = 0;
		};
		9CDC2F8F2074ECDC0019C73C /* Frameworks */ = {
			isa = PBXFrameworksBuildPhase;
			buildActionMask = 2147483647;
			files = (
				4C2FFE985670C24BE715130B /* Pods_TwitterFetcherUITests.framework in Frameworks */,
			);
			runOnlyForDeploymentPostprocessing = 0;
		};
/* End PBXFrameworksBuildPhase section */

/* Begin PBXGroup section */
		17991163FC66872F21B7B889 /* Frameworks */ = {
			isa = PBXGroup;
			children = (
				41BC556E9661E9E1E57F7179 /* Pods_TwitterFetcher.framework */,
				74B8411214EB343A163533C4 /* Pods_TwitterFetcherTests.framework */,
				050B5A4EB648CEAE5BE5B182 /* Pods_TwitterFetcherUITests.framework */,
			);
			name = Frameworks;
			sourceTree = "<group>";
		};
		3F277D6CD25A186B653BCDF1 /* Pods */ = {
			isa = PBXGroup;
			children = (
				DC2418F936582015E27882C7 /* Pods-TwitterFetcher.debug.xcconfig */,
				4F8C33E91E69D3704030A895 /* Pods-TwitterFetcher.release.xcconfig */,
				5A4D4B98E87CF0EDA91504AC /* Pods-TwitterFetcherTests.debug.xcconfig */,
				EC727F9047E00ACAB0F66AF4 /* Pods-TwitterFetcherTests.release.xcconfig */,
				EB0C3A7AE772D93DC7BBB0D9 /* Pods-TwitterFetcherUITests.debug.xcconfig */,
				A9D4E6C4FD2CCF28F4ED3E93 /* Pods-TwitterFetcherUITests.release.xcconfig */,
			);
			name = Pods;
			sourceTree = "<group>";
		};
		9CB0024F2075051E0038121B /* Services */ = {
			isa = PBXGroup;
			children = (
				9CB00252207506A10038121B /* CurrencyData */,
			);
			path = Services;
			sourceTree = "<group>";
		};
		9CB00252207506A10038121B /* CurrencyData */ = {
			isa = PBXGroup;
			children = (
				9CB002502075069D0038121B /* CurrencyData.swift */,
			);
			path = CurrencyData;
			sourceTree = "<group>";
		};
		9CB00253207506FB0038121B /* Domain */ = {
			isa = PBXGroup;
			children = (
				9CB00254207507030038121B /* Currency */,
			);
			path = Domain;
			sourceTree = "<group>";
		};
		9CB00254207507030038121B /* Currency */ = {
			isa = PBXGroup;
			children = (
				9CB002552075071F0038121B /* Model */,
			);
			path = Currency;
			sourceTree = "<group>";
		};
		9CB002552075071F0038121B /* Model */ = {
			isa = PBXGroup;
			children = (
				9CB002562075072D0038121B /* Currency.swift */,
			);
			path = Model;
			sourceTree = "<group>";
		};
		9CD526AB207787CE00ED4269 /* Protocols */ = {
			isa = PBXGroup;
			children = (
				9CD526AC207787EE00ED4269 /* Protocols.swift */,
			);
			path = Protocols;
			sourceTree = "<group>";
		};
		9CDC2F6A2074ECDC0019C73C = {
			isa = PBXGroup;
			children = (
				9CDC2F752074ECDC0019C73C /* TwitterFetcher */,
				9CDC2FA42074F4450019C73C /* .gitignore */,
				9CDC2F8A2074ECDC0019C73C /* TwitterFetcherTests */,
				9CDC2F742074ECDC0019C73C /* Products */,
				3F277D6CD25A186B653BCDF1 /* Pods */,
				17991163FC66872F21B7B889 /* Frameworks */,
			);
			sourceTree = "<group>";
		};
		9CDC2F742074ECDC0019C73C /* Products */ = {
			isa = PBXGroup;
			children = (
				9CDC2F732074ECDC0019C73C /* TwitterFetcher.app */,
				9CDC2F872074ECDC0019C73C /* TwitterFetcherTests.xctest */,
				9CDC2F922074ECDC0019C73C /* TwitterFetcherUITests.xctest */,
			);
			name = Products;
			sourceTree = "<group>";
		};
		9CDC2F752074ECDC0019C73C /* TwitterFetcher */ = {
			isa = PBXGroup;
			children = (
				9CD526AB207787CE00ED4269 /* Protocols */,
				9CE0B84E207666FD0025FFBC /* Presenter */,
				9CB00253207506FB0038121B /* Domain */,
				9CB0024F2075051E0038121B /* Services */,
				9CDC2F762074ECDC0019C73C /* AppDelegate.swift */,
				9CDC2F782074ECDC0019C73C /* ViewController.swift */,
				9CDC2F7A2074ECDC0019C73C /* Main.storyboard */,
				9CDC2F7D2074ECDC0019C73C /* Assets.xcassets */,
				9CDC2F7F2074ECDC0019C73C /* LaunchScreen.storyboard */,
				9CDC2F822074ECDC0019C73C /* Info.plist */,
			);
			path = TwitterFetcher;
			sourceTree = "<group>";
		};
		9CDC2F8A2074ECDC0019C73C /* TwitterFetcherTests */ = {
			isa = PBXGroup;
			children = (
				9CDC2F8B2074ECDC0019C73C /* TwitterFetcherTests.swift */,
				9CDC2F8D2074ECDC0019C73C /* Info.plist */,
			);
			path = TwitterFetcherTests;
			sourceTree = "<group>";
		};
		9CE0B84E207666FD0025FFBC /* Presenter */ = {
			isa = PBXGroup;
			children = (
				9CE0B84F2076670E0025FFBC /* CurrencyPresenter.swift */,
			);
			path = Presenter;
			sourceTree = "<group>";
		};
/* End PBXGroup section */

/* Begin PBXNativeTarget section */
		9CDC2F722074ECDC0019C73C /* TwitterFetcher */ = {
			isa = PBXNativeTarget;
			buildConfigurationList = 9CDC2F9B2074ECDC0019C73C /* Build configuration list for PBXNativeTarget "TwitterFetcher" */;
			buildPhases = (
				2D0B233A8F426443C2462E7F /* [CP] Check Pods Manifest.lock */,
				9CDC2F6F2074ECDC0019C73C /* Sources */,
				9CDC2F702074ECDC0019C73C /* Frameworks */,
				9CDC2F712074ECDC0019C73C /* Resources */,
				9D463C090C676A62639CECF5 /* [CP] Embed Pods Frameworks */,
				B65668B5F31E7165549E8D31 /* [CP] Copy Pods Resources */,
			);
			buildRules = (
			);
			dependencies = (
			);
			name = TwitterFetcher;
			productName = TwitterFetcher;
			productReference = 9CDC2F732074ECDC0019C73C /* TwitterFetcher.app */;
			productType = "com.apple.product-type.application";
		};
		9CDC2F862074ECDC0019C73C /* TwitterFetcherTests */ = {
			isa = PBXNativeTarget;
			buildConfigurationList = 9CDC2F9E2074ECDC0019C73C /* Build configuration list for PBXNativeTarget "TwitterFetcherTests" */;
			buildPhases = (
				D4042C3C765DFD893A0ECEF4 /* [CP] Check Pods Manifest.lock */,
				9CDC2F832074ECDC0019C73C /* Sources */,
				9CDC2F842074ECDC0019C73C /* Frameworks */,
				9CDC2F852074ECDC0019C73C /* Resources */,
				6ABD3C242FB97500017994E9 /* [CP] Embed Pods Frameworks */,
				17E329CBBAE29F5EDD78B03F /* [CP] Copy Pods Resources */,
			);
			buildRules = (
			);
			dependencies = (
				9CDC2F892074ECDC0019C73C /* PBXTargetDependency */,
			);
			name = TwitterFetcherTests;
			productName = TwitterFetcherTests;
			productReference = 9CDC2F872074ECDC0019C73C /* TwitterFetcherTests.xctest */;
			productType = "com.apple.product-type.bundle.unit-test";
		};
		9CDC2F912074ECDC0019C73C /* TwitterFetcherUITests */ = {
			isa = PBXNativeTarget;
			buildConfigurationList = 9CDC2FA12074ECDC0019C73C /* Build configuration list for PBXNativeTarget "TwitterFetcherUITests" */;
			buildPhases = (
				DE98B5987477C4FEDE7E42D5 /* [CP] Check Pods Manifest.lock */,
				9CDC2F8E2074ECDC0019C73C /* Sources */,
				9CDC2F8F2074ECDC0019C73C /* Frameworks */,
				9CDC2F902074ECDC0019C73C /* Resources */,
				B72209FF566C616ABDD9A201 /* [CP] Embed Pods Frameworks */,
				97BC7B1BA250899CDAA2F927 /* [CP] Copy Pods Resources */,
			);
			buildRules = (
			);
			dependencies = (
				9CDC2F942074ECDC0019C73C /* PBXTargetDependency */,
			);
			name = TwitterFetcherUITests;
			productName = TwitterFetcherUITests;
			productReference = 9CDC2F922074ECDC0019C73C /* TwitterFetcherUITests.xctest */;
			productType = "com.apple.product-type.bundle.ui-testing";
		};
/* End PBXNativeTarget section */

/* Begin PBXProject section */
		9CDC2F6B2074ECDC0019C73C /* Project object */ = {
			isa = PBXProject;
			attributes = {
				LastSwiftUpdateCheck = 0920;
				LastUpgradeCheck = 0920;
				ORGANIZATIONNAME = "Patryk Bugaj";
				TargetAttributes = {
					9CDC2F722074ECDC0019C73C = {
						CreatedOnToolsVersion = 9.2;
						ProvisioningStyle = Automatic;
					};
					9CDC2F862074ECDC0019C73C = {
						CreatedOnToolsVersion = 9.2;
						ProvisioningStyle = Automatic;
						TestTargetID = 9CDC2F722074ECDC0019C73C;
					};
					9CDC2F912074ECDC0019C73C = {
						CreatedOnToolsVersion = 9.2;
						ProvisioningStyle = Automatic;
						TestTargetID = 9CDC2F722074ECDC0019C73C;
					};
				};
			};
			buildConfigurationList = 9CDC2F6E2074ECDC0019C73C /* Build configuration list for PBXProject "TwitterFetcher" */;
			compatibilityVersion = "Xcode 8.0";
			developmentRegion = en;
			hasScannedForEncodings = 0;
			knownRegions = (
				en,
				Base,
			);
			mainGroup = 9CDC2F6A2074ECDC0019C73C;
			productRefGroup = 9CDC2F742074ECDC0019C73C /* Products */;
			projectDirPath = "";
			projectRoot = "";
			targets = (
				9CDC2F722074ECDC0019C73C /* TwitterFetcher */,
				9CDC2F862074ECDC0019C73C /* TwitterFetcherTests */,
				9CDC2F912074ECDC0019C73C /* TwitterFetcherUITests */,
			);
		};
/* End PBXProject section */

/* Begin PBXResourcesBuildPhase section */
		9CDC2F712074ECDC0019C73C /* Resources */ = {
			isa = PBXResourcesBuildPhase;
			buildActionMask = 2147483647;
			files = (
				9CDC2FA52074F4450019C73C /* .gitignore in Resources */,
				9CDC2F812074ECDC0019C73C /* LaunchScreen.storyboard in Resources */,
				9CDC2F7E2074ECDC0019C73C /* Assets.xcassets in Resources */,
				9CDC2F7C2074ECDC0019C73C /* Main.storyboard in Resources */,
			);
			runOnlyForDeploymentPostprocessing = 0;
		};
		9CDC2F852074ECDC0019C73C /* Resources */ = {
			isa = PBXResourcesBuildPhase;
			buildActionMask = 2147483647;
			files = (
			);
			runOnlyForDeploymentPostprocessing = 0;
		};
		9CDC2F902074ECDC0019C73C /* Resources */ = {
			isa = PBXResourcesBuildPhase;
			buildActionMask = 2147483647;
			files = (
			);
			runOnlyForDeploymentPostprocessing = 0;
		};
/* End PBXResourcesBuildPhase section */

/* Begin PBXShellScriptBuildPhase section */
		17E329CBBAE29F5EDD78B03F /* [CP] Copy Pods Resources */ = {
			isa = PBXShellScriptBuildPhase;
			buildActionMask = 2147483647;
			files = (
			);
			inputPaths = (
			);
			name = "[CP] Copy Pods Resources";
			outputPaths = (
			);
			runOnlyForDeploymentPostprocessing = 0;
			shellPath = /bin/sh;
			shellScript = "\"${SRCROOT}/Pods/Target Support Files/Pods-TwitterFetcherTests/Pods-TwitterFetcherTests-resources.sh\"\n";
			showEnvVarsInLog = 0;
		};
		2D0B233A8F426443C2462E7F /* [CP] Check Pods Manifest.lock */ = {
			isa = PBXShellScriptBuildPhase;
			buildActionMask = 2147483647;
			files = (
			);
			inputPaths = (
				"${PODS_PODFILE_DIR_PATH}/Podfile.lock",
				"${PODS_ROOT}/Manifest.lock",
			);
			name = "[CP] Check Pods Manifest.lock";
			outputPaths = (
				"$(DERIVED_FILE_DIR)/Pods-TwitterFetcher-checkManifestLockResult.txt",
			);
			runOnlyForDeploymentPostprocessing = 0;
			shellPath = /bin/sh;
			shellScript = "diff \"${PODS_PODFILE_DIR_PATH}/Podfile.lock\" \"${PODS_ROOT}/Manifest.lock\" > /dev/null\nif [ $? != 0 ] ; then\n    # print error to STDERR\n    echo \"error: The sandbox is not in sync with the Podfile.lock. Run 'pod install' or update your CocoaPods installation.\" >&2\n    exit 1\nfi\n# This output is used by Xcode 'outputs' to avoid re-running this script phase.\necho \"SUCCESS\" > \"${SCRIPT_OUTPUT_FILE_0}\"\n";
			showEnvVarsInLog = 0;
		};
		6ABD3C242FB97500017994E9 /* [CP] Embed Pods Frameworks */ = {
			isa = PBXShellScriptBuildPhase;
			buildActionMask = 2147483647;
			files = (
			);
			inputPaths = (
			);
			name = "[CP] Embed Pods Frameworks";
			outputPaths = (
			);
			runOnlyForDeploymentPostprocessing = 0;
			shellPath = /bin/sh;
			shellScript = "\"${SRCROOT}/Pods/Target Support Files/Pods-TwitterFetcherTests/Pods-TwitterFetcherTests-frameworks.sh\"\n";
			showEnvVarsInLog = 0;
		};
		97BC7B1BA250899CDAA2F927 /* [CP] Copy Pods Resources */ = {
			isa = PBXShellScriptBuildPhase;
			buildActionMask = 2147483647;
			files = (
			);
			inputPaths = (
			);
			name = "[CP] Copy Pods Resources";
			outputPaths = (
			);
			runOnlyForDeploymentPostprocessing = 0;
			shellPath = /bin/sh;
			shellScript = "\"${SRCROOT}/Pods/Target Support Files/Pods-TwitterFetcherUITests/Pods-TwitterFetcherUITests-resources.sh\"\n";
			showEnvVarsInLog = 0;
		};
		9D463C090C676A62639CECF5 /* [CP] Embed Pods Frameworks */ = {
			isa = PBXShellScriptBuildPhase;
			buildActionMask = 2147483647;
			files = (
			);
			inputPaths = (
				"${SRCROOT}/Pods/Target Support Files/Pods-TwitterFetcher/Pods-TwitterFetcher-frameworks.sh",
				"${BUILT_PRODUCTS_DIR}/Alamofire/Alamofire.framework",
				"${BUILT_PRODUCTS_DIR}/Alamofire-SwiftyJSON/Alamofire_SwiftyJSON.framework",
				"${BUILT_PRODUCTS_DIR}/AlamofireObjectMapper/AlamofireObjectMapper.framework",
				"${BUILT_PRODUCTS_DIR}/ObjectMapper/ObjectMapper.framework",
				"${BUILT_PRODUCTS_DIR}/RxCocoa/RxCocoa.framework",
				"${BUILT_PRODUCTS_DIR}/RxSwift/RxSwift.framework",
				"${BUILT_PRODUCTS_DIR}/SwiftyJSON/SwiftyJSON.framework",
			);
			name = "[CP] Embed Pods Frameworks";
			outputPaths = (
				"${TARGET_BUILD_DIR}/${FRAMEWORKS_FOLDER_PATH}/Alamofire.framework",
				"${TARGET_BUILD_DIR}/${FRAMEWORKS_FOLDER_PATH}/Alamofire_SwiftyJSON.framework",
				"${TARGET_BUILD_DIR}/${FRAMEWORKS_FOLDER_PATH}/AlamofireObjectMapper.framework",
				"${TARGET_BUILD_DIR}/${FRAMEWORKS_FOLDER_PATH}/ObjectMapper.framework",
				"${TARGET_BUILD_DIR}/${FRAMEWORKS_FOLDER_PATH}/RxCocoa.framework",
				"${TARGET_BUILD_DIR}/${FRAMEWORKS_FOLDER_PATH}/RxSwift.framework",
				"${TARGET_BUILD_DIR}/${FRAMEWORKS_FOLDER_PATH}/SwiftyJSON.framework",
			);
			runOnlyForDeploymentPostprocessing = 0;
			shellPath = /bin/sh;
			shellScript = "\"${SRCROOT}/Pods/Target Support Files/Pods-TwitterFetcher/Pods-TwitterFetcher-frameworks.sh\"\n";
			showEnvVarsInLog = 0;
		};
		B65668B5F31E7165549E8D31 /* [CP] Copy Pods Resources */ = {
			isa = PBXShellScriptBuildPhase;
			buildActionMask = 2147483647;
			files = (
			);
			inputPaths = (
			);
			name = "[CP] Copy Pods Resources";
			outputPaths = (
			);
			runOnlyForDeploymentPostprocessing = 0;
			shellPath = /bin/sh;
			shellScript = "\"${SRCROOT}/Pods/Target Support Files/Pods-TwitterFetcher/Pods-TwitterFetcher-resources.sh\"\n";
			showEnvVarsInLog = 0;
		};
		B72209FF566C616ABDD9A201 /* [CP] Embed Pods Frameworks */ = {
			isa = PBXShellScriptBuildPhase;
			buildActionMask = 2147483647;
			files = (
			);
			inputPaths = (
			);
			name = "[CP] Embed Pods Frameworks";
			outputPaths = (
			);
			runOnlyForDeploymentPostprocessing = 0;
			shellPath = /bin/sh;
			shellScript = "\"${SRCROOT}/Pods/Target Support Files/Pods-TwitterFetcherUITests/Pods-TwitterFetcherUITests-frameworks.sh\"\n";
			showEnvVarsInLog = 0;
		};
		D4042C3C765DFD893A0ECEF4 /* [CP] Check Pods Manifest.lock */ = {
			isa = PBXShellScriptBuildPhase;
			buildActionMask = 2147483647;
			files = (
			);
			inputPaths = (
				"${PODS_PODFILE_DIR_PATH}/Podfile.lock",
				"${PODS_ROOT}/Manifest.lock",
			);
			name = "[CP] Check Pods Manifest.lock";
			outputPaths = (
				"$(DERIVED_FILE_DIR)/Pods-TwitterFetcherTests-checkManifestLockResult.txt",
			);
			runOnlyForDeploymentPostprocessing = 0;
			shellPath = /bin/sh;
			shellScript = "diff \"${PODS_PODFILE_DIR_PATH}/Podfile.lock\" \"${PODS_ROOT}/Manifest.lock\" > /dev/null\nif [ $? != 0 ] ; then\n    # print error to STDERR\n    echo \"error: The sandbox is not in sync with the Podfile.lock. Run 'pod install' or update your CocoaPods installation.\" >&2\n    exit 1\nfi\n# This output is used by Xcode 'outputs' to avoid re-running this script phase.\necho \"SUCCESS\" > \"${SCRIPT_OUTPUT_FILE_0}\"\n";
			showEnvVarsInLog = 0;
		};
		DE98B5987477C4FEDE7E42D5 /* [CP] Check Pods Manifest.lock */ = {
			isa = PBXShellScriptBuildPhase;
			buildActionMask = 2147483647;
			files = (
			);
			inputPaths = (
				"${PODS_PODFILE_DIR_PATH}/Podfile.lock",
				"${PODS_ROOT}/Manifest.lock",
			);
			name = "[CP] Check Pods Manifest.lock";
			outputPaths = (
				"$(DERIVED_FILE_DIR)/Pods-TwitterFetcherUITests-checkManifestLockResult.txt",
			);
			runOnlyForDeploymentPostprocessing = 0;
			shellPath = /bin/sh;
			shellScript = "diff \"${PODS_PODFILE_DIR_PATH}/Podfile.lock\" \"${PODS_ROOT}/Manifest.lock\" > /dev/null\nif [ $? != 0 ] ; then\n    # print error to STDERR\n    echo \"error: The sandbox is not in sync with the Podfile.lock. Run 'pod install' or update your CocoaPods installation.\" >&2\n    exit 1\nfi\n# This output is used by Xcode 'outputs' to avoid re-running this script phase.\necho \"SUCCESS\" > \"${SCRIPT_OUTPUT_FILE_0}\"\n";
			showEnvVarsInLog = 0;
		};
/* End PBXShellScriptBuildPhase section */

/* Begin PBXSourcesBuildPhase section */
		9CDC2F6F2074ECDC0019C73C /* Sources */ = {
			isa = PBXSourcesBuildPhase;
			buildActionMask = 2147483647;
			files = (
				9CE0B8502076670E0025FFBC /* CurrencyPresenter.swift in Sources */,
				9CB002572075072D0038121B /* Currency.swift in Sources */,
				9CDC2F792074ECDC0019C73C /* ViewController.swift in Sources */,
				9CD526AD207787EE00ED4269 /* Protocols.swift in Sources */,
				9CB002512075069D0038121B /* CurrencyData.swift in Sources */,
				9CDC2F772074ECDC0019C73C /* AppDelegate.swift in Sources */,
			);
			runOnlyForDeploymentPostprocessing = 0;
		};
		9CDC2F832074ECDC0019C73C /* Sources */ = {
			isa = PBXSourcesBuildPhase;
			buildActionMask = 2147483647;
			files = (
				9CDC2F8C2074ECDC0019C73C /* TwitterFetcherTests.swift in Sources */,
			);
			runOnlyForDeploymentPostprocessing = 0;
		};
		9CDC2F8E2074ECDC0019C73C /* Sources */ = {
			isa = PBXSourcesBuildPhase;
			buildActionMask = 2147483647;
			files = (
			);
			runOnlyForDeploymentPostprocessing = 0;
		};
/* End PBXSourcesBuildPhase section */

/* Begin PBXTargetDependency section */
		9CDC2F892074ECDC0019C73C /* PBXTargetDependency */ = {
			isa = PBXTargetDependency;
			target = 9CDC2F722074ECDC0019C73C /* TwitterFetcher */;
			targetProxy = 9CDC2F882074ECDC0019C73C /* PBXContainerItemProxy */;
		};
		9CDC2F942074ECDC0019C73C /* PBXTargetDependency */ = {
			isa = PBXTargetDependency;
			target = 9CDC2F722074ECDC0019C73C /* TwitterFetcher */;
			targetProxy = 9CDC2F932074ECDC0019C73C /* PBXContainerItemProxy */;
		};
/* End PBXTargetDependency section */

/* Begin PBXVariantGroup section */
		9CDC2F7A2074ECDC0019C73C /* Main.storyboard */ = {
			isa = PBXVariantGroup;
			children = (
				9CDC2F7B2074ECDC0019C73C /* Base */,
			);
			name = Main.storyboard;
			sourceTree = "<group>";
		};
		9CDC2F7F2074ECDC0019C73C /* LaunchScreen.storyboard */ = {
			isa = PBXVariantGroup;
			children = (
				9CDC2F802074ECDC0019C73C /* Base */,
			);
			name = LaunchScreen.storyboard;
			sourceTree = "<group>";
		};
/* End PBXVariantGroup section */

/* Begin XCBuildConfiguration section */
		9CDC2F992074ECDC0019C73C /* Debug */ = {
			isa = XCBuildConfiguration;
			buildSettings = {
				ALWAYS_SEARCH_USER_PATHS = NO;
				CLANG_ANALYZER_NONNULL = YES;
				CLANG_ANALYZER_NUMBER_OBJECT_CONVERSION = YES_AGGRESSIVE;
				CLANG_CXX_LANGUAGE_STANDARD = "gnu++14";
				CLANG_CXX_LIBRARY = "libc++";
				CLANG_ENABLE_MODULES = YES;
				CLANG_ENABLE_OBJC_ARC = YES;
				CLANG_WARN_BLOCK_CAPTURE_AUTORELEASING = YES;
				CLANG_WARN_BOOL_CONVERSION = YES;
				CLANG_WARN_COMMA = YES;
				CLANG_WARN_CONSTANT_CONVERSION = YES;
				CLANG_WARN_DIRECT_OBJC_ISA_USAGE = YES_ERROR;
				CLANG_WARN_DOCUMENTATION_COMMENTS = YES;
				CLANG_WARN_EMPTY_BODY = YES;
				CLANG_WARN_ENUM_CONVERSION = YES;
				CLANG_WARN_INFINITE_RECURSION = YES;
				CLANG_WARN_INT_CONVERSION = YES;
				CLANG_WARN_NON_LITERAL_NULL_CONVERSION = YES;
				CLANG_WARN_OBJC_LITERAL_CONVERSION = YES;
				CLANG_WARN_OBJC_ROOT_CLASS = YES_ERROR;
				CLANG_WARN_RANGE_LOOP_ANALYSIS = YES;
				CLANG_WARN_STRICT_PROTOTYPES = YES;
				CLANG_WARN_SUSPICIOUS_MOVE = YES;
				CLANG_WARN_UNGUARDED_AVAILABILITY = YES_AGGRESSIVE;
				CLANG_WARN_UNREACHABLE_CODE = YES;
				CLANG_WARN__DUPLICATE_METHOD_MATCH = YES;
				CODE_SIGN_IDENTITY = "iPhone Developer";
				COPY_PHASE_STRIP = NO;
				DEBUG_INFORMATION_FORMAT = dwarf;
				ENABLE_STRICT_OBJC_MSGSEND = YES;
				ENABLE_TESTABILITY = YES;
				FRAMEWORK_SEARCH_PATHS = "$(SCROOT)/**";
				GCC_C_LANGUAGE_STANDARD = gnu11;
				GCC_DYNAMIC_NO_PIC = NO;
				GCC_NO_COMMON_BLOCKS = YES;
				GCC_OPTIMIZATION_LEVEL = 0;
				GCC_PREPROCESSOR_DEFINITIONS = (
					"DEBUG=1",
					"$(inherited)",
				);
				GCC_WARN_64_TO_32_BIT_CONVERSION = YES;
				GCC_WARN_ABOUT_RETURN_TYPE = YES_ERROR;
				GCC_WARN_UNDECLARED_SELECTOR = YES;
				GCC_WARN_UNINITIALIZED_AUTOS = YES_AGGRESSIVE;
				GCC_WARN_UNUSED_FUNCTION = YES;
				GCC_WARN_UNUSED_VARIABLE = YES;
				IPHONEOS_DEPLOYMENT_TARGET = 11.2;
				MTL_ENABLE_DEBUG_INFO = YES;
				ONLY_ACTIVE_ARCH = YES;
				SDKROOT = iphoneos;
				SWIFT_ACTIVE_COMPILATION_CONDITIONS = DEBUG;
				SWIFT_OPTIMIZATION_LEVEL = "-Onone";
			};
			name = Debug;
		};
		9CDC2F9A2074ECDC0019C73C /* Release */ = {
			isa = XCBuildConfiguration;
			buildSettings = {
				ALWAYS_SEARCH_USER_PATHS = NO;
				CLANG_ANALYZER_NONNULL = YES;
				CLANG_ANALYZER_NUMBER_OBJECT_CONVERSION = YES_AGGRESSIVE;
				CLANG_CXX_LANGUAGE_STANDARD = "gnu++14";
				CLANG_CXX_LIBRARY = "libc++";
				CLANG_ENABLE_MODULES = YES;
				CLANG_ENABLE_OBJC_ARC = YES;
				CLANG_WARN_BLOCK_CAPTURE_AUTORELEASING = YES;
				CLANG_WARN_BOOL_CONVERSION = YES;
				CLANG_WARN_COMMA = YES;
				CLANG_WARN_CONSTANT_CONVERSION = YES;
				CLANG_WARN_DIRECT_OBJC_ISA_USAGE = YES_ERROR;
				CLANG_WARN_DOCUMENTATION_COMMENTS = YES;
				CLANG_WARN_EMPTY_BODY = YES;
				CLANG_WARN_ENUM_CONVERSION = YES;
				CLANG_WARN_INFINITE_RECURSION = YES;
				CLANG_WARN_INT_CONVERSION = YES;
				CLANG_WARN_NON_LITERAL_NULL_CONVERSION = YES;
				CLANG_WARN_OBJC_LITERAL_CONVERSION = YES;
				CLANG_WARN_OBJC_ROOT_CLASS = YES_ERROR;
				CLANG_WARN_RANGE_LOOP_ANALYSIS = YES;
				CLANG_WARN_STRICT_PROTOTYPES = YES;
				CLANG_WARN_SUSPICIOUS_MOVE = YES;
				CLANG_WARN_UNGUARDED_AVAILABILITY = YES_AGGRESSIVE;
				CLANG_WARN_UNREACHABLE_CODE = YES;
				CLANG_WARN__DUPLICATE_METHOD_MATCH = YES;
				CODE_SIGN_IDENTITY = "iPhone Developer";
				COPY_PHASE_STRIP = NO;
				DEBUG_INFORMATION_FORMAT = "dwarf-with-dsym";
				ENABLE_NS_ASSERTIONS = NO;
				ENABLE_STRICT_OBJC_MSGSEND = YES;
				FRAMEWORK_SEARCH_PATHS = "$(SCROOT)/**";
				GCC_C_LANGUAGE_STANDARD = gnu11;
				GCC_NO_COMMON_BLOCKS = YES;
				GCC_WARN_64_TO_32_BIT_CONVERSION = YES;
				GCC_WARN_ABOUT_RETURN_TYPE = YES_ERROR;
				GCC_WARN_UNDECLARED_SELECTOR = YES;
				GCC_WARN_UNINITIALIZED_AUTOS = YES_AGGRESSIVE;
				GCC_WARN_UNUSED_FUNCTION = YES;
				GCC_WARN_UNUSED_VARIABLE = YES;
				IPHONEOS_DEPLOYMENT_TARGET = 11.2;
				MTL_ENABLE_DEBUG_INFO = NO;
				SDKROOT = iphoneos;
				SWIFT_OPTIMIZATION_LEVEL = "-Owholemodule";
				VALIDATE_PRODUCT = YES;
			};
			name = Release;
		};
		9CDC2F9C2074ECDC0019C73C /* Debug */ = {
			isa = XCBuildConfiguration;
			baseConfigurationReference = DC2418F936582015E27882C7 /* Pods-TwitterFetcher.debug.xcconfig */;
			buildSettings = {
				ASSETCATALOG_COMPILER_APPICON_NAME = AppIcon;
				CODE_SIGN_STYLE = Automatic;
				DEVELOPMENT_TEAM = 7GRALMSTC4;
				INFOPLIST_FILE = TwitterFetcher/Info.plist;
				LD_RUNPATH_SEARCH_PATHS = "$(inherited) @executable_path/Frameworks";
				PRODUCT_BUNDLE_IDENTIFIER = com.TwitterFetcher.TwitterFetcher;
				PRODUCT_NAME = "$(TARGET_NAME)";
				SWIFT_VERSION = 4.0;
				TARGETED_DEVICE_FAMILY = "1,2";
			};
			name = Debug;
		};
		9CDC2F9D2074ECDC0019C73C /* Release */ = {
			isa = XCBuildConfiguration;
			baseConfigurationReference = 4F8C33E91E69D3704030A895 /* Pods-TwitterFetcher.release.xcconfig */;
			buildSettings = {
				ASSETCATALOG_COMPILER_APPICON_NAME = AppIcon;
				CODE_SIGN_STYLE = Automatic;
				DEVELOPMENT_TEAM = 7GRALMSTC4;
				INFOPLIST_FILE = TwitterFetcher/Info.plist;
				LD_RUNPATH_SEARCH_PATHS = "$(inherited) @executable_path/Frameworks";
				PRODUCT_BUNDLE_IDENTIFIER = com.TwitterFetcher.TwitterFetcher;
				PRODUCT_NAME = "$(TARGET_NAME)";
				SWIFT_VERSION = 4.0;
				TARGETED_DEVICE_FAMILY = "1,2";
			};
			name = Release;
		};
		9CDC2F9F2074ECDC0019C73C /* Debug */ = {
			isa = XCBuildConfiguration;
			baseConfigurationReference = 5A4D4B98E87CF0EDA91504AC /* Pods-TwitterFetcherTests.debug.xcconfig */;
			buildSettings = {
				ALWAYS_EMBED_SWIFT_STANDARD_LIBRARIES = YES;
				BUNDLE_LOADER = "$(TEST_HOST)";
				CODE_SIGN_STYLE = Automatic;
				DEVELOPMENT_TEAM = 54K3PLCC85;
				INFOPLIST_FILE = TwitterFetcherTests/Info.plist;
				LD_RUNPATH_SEARCH_PATHS = "$(inherited) @executable_path/Frameworks @loader_path/Frameworks";
				PRODUCT_BUNDLE_IDENTIFIER = com.TwitterFetcher.TwitterFetcherTests;
				PRODUCT_NAME = "$(TARGET_NAME)";
				SWIFT_VERSION = 4.0;
				TARGETED_DEVICE_FAMILY = "1,2";
				TEST_HOST = "$(BUILT_PRODUCTS_DIR)/TwitterFetcher.app/TwitterFetcher";
			};
			name = Debug;
		};
		9CDC2FA02074ECDC0019C73C /* Release */ = {
			isa = XCBuildConfiguration;
			baseConfigurationReference = EC727F9047E00ACAB0F66AF4 /* Pods-TwitterFetcherTests.release.xcconfig */;
			buildSettings = {
				ALWAYS_EMBED_SWIFT_STANDARD_LIBRARIES = YES;
				BUNDLE_LOADER = "$(TEST_HOST)";
				CODE_SIGN_STYLE = Automatic;
				DEVELOPMENT_TEAM = 54K3PLCC85;
				INFOPLIST_FILE = TwitterFetcherTests/Info.plist;
				LD_RUNPATH_SEARCH_PATHS = "$(inherited) @executable_path/Frameworks @loader_path/Frameworks";
				PRODUCT_BUNDLE_IDENTIFIER = com.TwitterFetcher.TwitterFetcherTests;
				PRODUCT_NAME = "$(TARGET_NAME)";
				SWIFT_VERSION = 4.0;
				TARGETED_DEVICE_FAMILY = "1,2";
				TEST_HOST = "$(BUILT_PRODUCTS_DIR)/TwitterFetcher.app/TwitterFetcher";
			};
			name = Release;
		};
		9CDC2FA22074ECDC0019C73C /* Debug */ = {
			isa = XCBuildConfiguration;
			baseConfigurationReference = EB0C3A7AE772D93DC7BBB0D9 /* Pods-TwitterFetcherUITests.debug.xcconfig */;
			buildSettings = {
				ALWAYS_EMBED_SWIFT_STANDARD_LIBRARIES = YES;
				CODE_SIGN_STYLE = Automatic;
				DEVELOPMENT_TEAM = 54K3PLCC85;
				INFOPLIST_FILE = TwitterFetcherUITests/Info.plist;
				LD_RUNPATH_SEARCH_PATHS = "$(inherited) @executable_path/Frameworks @loader_path/Frameworks";
				PRODUCT_BUNDLE_IDENTIFIER = com.TwitterFetcher.TwitterFetcherUITests;
				PRODUCT_NAME = "$(TARGET_NAME)";
				SWIFT_VERSION = 4.0;
				TARGETED_DEVICE_FAMILY = "1,2";
				TEST_TARGET_NAME = TwitterFetcher;
			};
			name = Debug;
		};
		9CDC2FA32074ECDC0019C73C /* Release */ = {
			isa = XCBuildConfiguration;
			baseConfigurationReference = A9D4E6C4FD2CCF28F4ED3E93 /* Pods-TwitterFetcherUITests.release.xcconfig */;
			buildSettings = {
				ALWAYS_EMBED_SWIFT_STANDARD_LIBRARIES = YES;
				CODE_SIGN_STYLE = Automatic;
				DEVELOPMENT_TEAM = 54K3PLCC85;
				INFOPLIST_FILE = TwitterFetcherUITests/Info.plist;
				LD_RUNPATH_SEARCH_PATHS = "$(inherited) @executable_path/Frameworks @loader_path/Frameworks";
				PRODUCT_BUNDLE_IDENTIFIER = com.TwitterFetcher.TwitterFetcherUITests;
				PRODUCT_NAME = "$(TARGET_NAME)";
				SWIFT_VERSION = 4.0;
				TARGETED_DEVICE_FAMILY = "1,2";
				TEST_TARGET_NAME = TwitterFetcher;
			};
			name = Release;
		};
/* End XCBuildConfiguration section */

/* Begin XCConfigurationList section */
		9CDC2F6E2074ECDC0019C73C /* Build configuration list for PBXProject "TwitterFetcher" */ = {
			isa = XCConfigurationList;
			buildConfigurations = (
				9CDC2F992074ECDC0019C73C /* Debug */,
				9CDC2F9A2074ECDC0019C73C /* Release */,
			);
			defaultConfigurationIsVisible = 0;
			defaultConfigurationName = Release;
		};
		9CDC2F9B2074ECDC0019C73C /* Build configuration list for PBXNativeTarget "TwitterFetcher" */ = {
			isa = XCConfigurationList;
			buildConfigurations = (
				9CDC2F9C2074ECDC0019C73C /* Debug */,
				9CDC2F9D2074ECDC0019C73C /* Release */,
			);
			defaultConfigurationIsVisible = 0;
			defaultConfigurationName = Release;
		};
		9CDC2F9E2074ECDC0019C73C /* Build configuration list for PBXNativeTarget "TwitterFetcherTests" */ = {
			isa = XCConfigurationList;
			buildConfigurations = (
				9CDC2F9F2074ECDC0019C73C /* Debug */,
				9CDC2FA02074ECDC0019C73C /* Release */,
			);
			defaultConfigurationIsVisible = 0;
			defaultConfigurationName = Release;
		};
		9CDC2FA12074ECDC0019C73C /* Build configuration list for PBXNativeTarget "TwitterFetcherUITests" */ = {
			isa = XCConfigurationList;
			buildConfigurations = (
				9CDC2FA22074ECDC0019C73C /* Debug */,
				9CDC2FA32074ECDC0019C73C /* Release */,
			);
			defaultConfigurationIsVisible = 0;
			defaultConfigurationName = Release;
		};
/* End XCConfigurationList section */
	};
	rootObject = 9CDC2F6B2074ECDC0019C73C /* Project object */;
}
